<?xml version="1.0" encoding="utf-8"?>
<Project ToolsVersion="4.0" xmlns="http://schemas.microsoft.com/developer/msbuild/2003">
  <ItemGroup>
    <Filter Include="include">
      <UniqueIdentifier>{93995380-89BD-4b04-88EB-625FBE52EBFB}</UniqueIdentifier>
      <Extensions>h;hh;hpp;hxx;h++;hm;inl;inc;ipp;xsd</Extensions>
    </Filter>
    <Filter Include="src">
      <UniqueIdentifier>{67DA6AB6-F800-4c08-8B7A-83BB121AAD01}</UniqueIdentifier>
      <Extensions>rc;ico;cur;bmp;dlg;rc2;rct;bin;rgs;gif;jpg;jpeg;jpe;resx;tiff;tif;png;wav;mfcribbon-ms</Extensions>
    </Filter>
    <Filter Include="resources">
      <UniqueIdentifier>{d7cee358-425a-4b32-b92b-e63190148c69}</UniqueIdentifier>
    </Filter>
    <Filter Include="resources\audio">
      <UniqueIdentifier>{8126e7b9-6b19-4639-81cb-4d934a97af53}</UniqueIdentifier>
    </Filter>
    <Filter Include="resources\images">
      <UniqueIdentifier>{48a9a8ca-ed60-4af1-bbe3-82f1792356b0}</UniqueIdentifier>
    </Filter>
    <Filter Include="src\ui">
      <UniqueIdentifier>{88751570-b4ad-4ce0-a173-72ba12d65525}</UniqueIdentifier>
    </Filter>
    <Filter Include="include\ui">
      <UniqueIdentifier>{0157ac14-7ebc-4dd4-ab79-c3b0abc58770}</UniqueIdentifier>
    </Filter>
    <Filter Include="include\controllers">
      <UniqueIdentifier>{e1af919c-3e99-4ebd-acb9-4a7ca9161d8d}</UniqueIdentifier>
    </Filter>
    <Filter Include="src\controllers">
      <UniqueIdentifier>{cb92aa75-3d87-4c88-9fb7-fa8a73711489}</UniqueIdentifier>
    </Filter>
    <Filter Include="include\views">
      <UniqueIdentifier>{31531231-f216-4622-9712-4f7d3caf6dd9}</UniqueIdentifier>
    </Filter>
    <Filter Include="src\views">
      <UniqueIdentifier>{edd1dbcf-c483-4ad8-b171-b728a6132fac}</UniqueIdentifier>
    </Filter>
    <Filter Include="resources\fonts">
      <UniqueIdentifier>{f28c58ff-087a-4a40-8ab8-4f57d8fd7f5c}</UniqueIdentifier>
    </Filter>
    <Filter Include="resources\data">
      <UniqueIdentifier>{54e30557-b1dd-4744-89a0-88299bd3f142}</UniqueIdentifier>
    </Filter>
  </ItemGroup>
  <ItemGroup>
    <ClCompile Include="main.cpp" />
    <ClCompile Include="Console.cpp">
      <Filter>src</Filter>
    </ClCompile>
    <ClCompile Include="Button.cpp">
      <Filter>src\ui</Filter>
    </ClCompile>
    <ClCompile Include="UIElement.cpp">
      <Filter>src\ui</Filter>
    </ClCompile>
    <ClCompile Include="MainController.cpp">
      <Filter>src\controllers</Filter>
    </ClCompile>
    <ClCompile Include="ModeratorWindowController.cpp">
      <Filter>src\controllers</Filter>
    </ClCompile>
    <ClCompile Include="WindowController.cpp">
      <Filter>src\controllers</Filter>
    </ClCompile>
    <ClCompile Include="SlideableMenu.cpp">
      <Filter>src\ui</Filter>
    </ClCompile>
    <ClCompile Include="MainMenuView.cpp">
      <Filter>src\views</Filter>
    </ClCompile>
    <ClCompile Include="RoundedRectangle.cpp">
      <Filter>src\ui</Filter>
    </ClCompile>
    <ClCompile Include="WrappableText.cpp">
      <Filter>src\ui</Filter>
    </ClCompile>
  </ItemGroup>
  <ItemGroup>
    <ClInclude Include="Settings.h">
      <Filter>include</Filter>
    </ClInclude>
    <ClInclude Include="Console.h">
      <Filter>include</Filter>
    </ClInclude>
    <ClInclude Include="Button.h">
      <Filter>include\ui</Filter>
    </ClInclude>
    <ClInclude Include="UIElement.h">
      <Filter>include\ui</Filter>
    </ClInclude>
    <ClInclude Include="MainController.h">
      <Filter>include\controllers</Filter>
    </ClInclude>
    <ClInclude Include="ModeratorWindowController.h">
      <Filter>include\controllers</Filter>
    </ClInclude>
    <ClInclude Include="WindowController.h">
      <Filter>include\controllers</Filter>
    </ClInclude>
    <ClInclude Include="SlideableMenu.h">
      <Filter>include\ui</Filter>
    </ClInclude>
    <ClInclude Include="MainMenuView.h">
      <Filter>include\views</Filter>
    </ClInclude>
    <ClInclude Include="RoundedRectangle.h">
      <Filter>include\ui</Filter>
    </ClInclude>
    <ClInclude Include="WrappableText.h">
      <Filter>include\ui</Filter>
    </ClInclude>
  </ItemGroup>
  <ItemGroup>
    <None Include="resources\audio\claps.ogg">
      <Filter>resources\audio</Filter>
    </None>
    <None Include="resources\audio\game.ogg">
      <Filter>resources\audio</Filter>
    </None>
    <None Include="resources\audio\menu.ogg">
      <Filter>resources\audio</Filter>
    </None>
    <None Include="resources\audio\opening.ogg">
      <Filter>resources\audio</Filter>
    </None>
    <None Include="resources\audio\right-answer.ogg">
      <Filter>resources\audio</Filter>
    </None>
    <None Include="resources\audio\single-clap.ogg">
      <Filter>resources\audio</Filter>
    </None>
    <None Include="resources\audio\win.ogg">
      <Filter>resources\audio</Filter>
    </None>
    <None Include="resources\audio\wrong-answer.ogg">
      <Filter>resources\audio</Filter>
    </None>
    <None Include="resources\data\file.csv">
      <Filter>resources\data</Filter>
    </None>
  </ItemGroup>
  <ItemGroup>
    <Image Include="resources\images\logo.png">
      <Filter>resources\images</Filter>
    </Image>
  </ItemGroup>
  <ItemGroup>
    <Font Include="resources\fonts\MPLUSRounded1c-Black.ttf">
      <Filter>resources\fonts</Filter>
    </Font>
    <Font Include="resources\fonts\MPLUSRounded1c-Bold.ttf">
      <Filter>resources\fonts</Filter>
    </Font>
    <Font Include="resources\fonts\MPLUSRounded1c-ExtraBold.ttf">
      <Filter>resources\fonts</Filter>
    </Font>
    <Font Include="resources\fonts\MPLUSRounded1c-Light.ttf">
      <Filter>resources\fonts</Filter>
    </Font>
    <Font Include="resources\fonts\MPLUSRounded1c-Medium.ttf">
      <Filter>resources\fonts</Filter>
    </Font>
    <Font Include="resources\fonts\MPLUSRounded1c-Regular.ttf">
      <Filter>resources\fonts</Filter>
    </Font>
    <Font Include="resources\fonts\MPLUSRounded1c-Thin.ttf">
      <Filter>resources\fonts</Filter>
    </Font>
  </ItemGroup>
</Project>